
Microsoft Visual Studio Solution File, Format Version 12.00
# Visual Studio Version 16
VisualStudioVersion = 16.0.29319.158
MinimumVisualStudioVersion = 10.0.40219.1
Project("{2150E333-8FDC-42A3-9474-1A3956D46DE8}") = "Framework", "Framework", "{8F908023-D8C7-42DC-BCFB-0201AF0CF3DD}"
EndProject
Project("{9A19103F-16F7-4668-BE54-9A1E7A4F7556}") = "Framework.Abstraction", "Framework\Framework.Abstraction\Framework.Abstraction.csproj", "{731D891F-9BAF-472E-BD7A-7DD0F8691C47}"
EndProject
Project("{9A19103F-16F7-4668-BE54-9A1E7A4F7556}") = "Framework.Core", "Framework\Framework.Core\Framework.Core.csproj", "{32B58026-9125-4B7A-AA22-98ED69A84910}"
EndProject
Project("{2150E333-8FDC-42A3-9474-1A3956D46DE8}") = "Solution Items", "Solution Items", "{612DDD5E-BC74-4F62-9019-AC5C06C560AC}"
	ProjectSection(SolutionItems) = preProject
		Directory.Build.props = Directory.Build.props
	EndProjectSection
EndProject
Global
	GlobalSection(SolutionConfigurationPlatforms) = preSolution
		Debug|Any CPU = Debug|Any CPU
		Release|Any CPU = Release|Any CPU
	EndGlobalSection
	GlobalSection(ProjectConfigurationPlatforms) = postSolution
		{731D891F-9BAF-472E-BD7A-7DD0F8691C47}.Debug|Any CPU.ActiveCfg = Debug|Any CPU
		{731D891F-9BAF-472E-BD7A-7DD0F8691C47}.Debug|Any CPU.Build.0 = Debug|Any CPU
		{731D891F-9BAF-472E-BD7A-7DD0F8691C47}.Release|Any CPU.ActiveCfg = Release|Any CPU
		{731D891F-9BAF-472E-BD7A-7DD0F8691C47}.Release|Any CPU.Build.0 = Release|Any CPU
		{32B58026-9125-4B7A-AA22-98ED69A84910}.Debug|Any CPU.ActiveCfg = Debug|Any CPU
		{32B58026-9125-4B7A-AA22-98ED69A84910}.Debug|Any CPU.Build.0 = Debug|Any CPU
		{32B58026-9125-4B7A-AA22-98ED69A84910}.Release|Any CPU.ActiveCfg = Release|Any CPU
		{32B58026-9125-4B7A-AA22-98ED69A84910}.Release|Any CPU.Build.0 = Release|Any CPU
	EndGlobalSection
	GlobalSection(SolutionProperties) = preSolution
		HideSolutionNode = FALSE
	EndGlobalSection
	GlobalSection(NestedProjects) = preSolution
		{731D891F-9BAF-472E-BD7A-7DD0F8691C47} = {8F908023-D8C7-42DC-BCFB-0201AF0CF3DD}
		{32B58026-9125-4B7A-AA22-98ED69A84910} = {8F908023-D8C7-42DC-BCFB-0201AF0CF3DD}
	EndGlobalSection
	GlobalSection(ExtensibilityGlobals) = postSolution
		SolutionGuid = {1F6CDFB1-F725-4927-A122-2A2397C278B5}
	EndGlobalSection
EndGlobal
